
Microsoft Visual Studio Solution File, Format Version 12.00
# Visual Studio Version 17
VisualStudioVersion = 17.4.33110.190
MinimumVisualStudioVersion = 10.0.40219.1
Project("{FAE04EC0-301F-11D3-BF4B-00C04F79EFBC}") = "OlderSystem", "OlderSystem.csproj", "{62F954CB-497A-4EAD-ACAB-44841A5B4747}"
EndProject
Global
	GlobalSection(SolutionConfigurationPlatforms) = preSolution
		Debug|Any CPU = Debug|Any CPU
		Release|Any CPU = Release|Any CPU
	EndGlobalSection
	GlobalSection(ProjectConfigurationPlatforms) = postSolution
		{62F954CB-497A-4EAD-ACAB-44841A5B4747}.Debug|Any CPU.ActiveCfg = Debug|Any CPU
		{62F954CB-497A-4EAD-ACAB-44841A5B4747}.Debug|Any CPU.Build.0 = Debug|Any CPU
		{62F954CB-497A-4EAD-ACAB-44841A5B4747}.Release|Any CPU.ActiveCfg = Release|Any CPU
		{62F954CB-497A-4EAD-ACAB-44841A5B4747}.Release|Any CPU.Build.0 = Release|Any CPU
	EndGlobalSection
	GlobalSection(SolutionProperties) = preSolution
		HideSolutionNode = FALSE
	EndGlobalSection
	GlobalSection(ExtensibilityGlobals) = postSolution
		SolutionGuid = {6716A52E-9CC9-424D-96B4-43BBE783DFE6}
	EndGlobalSection
EndGlobal
